
Microsoft Visual Studio Solution File, Format Version 12.00
Project("{FAE04EC0-301F-11D3-BF4B-00C04F79EFBC}") = "Aero", "Aero\Aero.csproj", "{EDD68525-0904-4104-9FD9-A031DB240AB3}"
EndProject
Project("{FAE04EC0-301F-11D3-BF4B-00C04F79EFBC}") = "Aero.Event", "Aero.Event\Aero.Event.csproj", "{6C0C3C32-3B54-4B0D-9944-D26B6BD1A306}"
EndProject
Project("{FAE04EC0-301F-11D3-BF4B-00C04F79EFBC}") = "Aero.SourceGen", "Aero.SourceGen\Aero.SourceGen.csproj", "{9B619BF2-4515-4994-BC3A-C5001B471332}"
EndProject
Global
	GlobalSection(SolutionConfigurationPlatforms) = preSolution
		Debug|Any CPU = Debug|Any CPU
		Release|Any CPU = Release|Any CPU
	EndGlobalSection
	GlobalSection(ProjectConfigurationPlatforms) = postSolution
		{EDD68525-0904-4104-9FD9-A031DB240AB3}.Debug|Any CPU.ActiveCfg = Debug|Any CPU
		{EDD68525-0904-4104-9FD9-A031DB240AB3}.Debug|Any CPU.Build.0 = Debug|Any CPU
		{EDD68525-0904-4104-9FD9-A031DB240AB3}.Release|Any CPU.ActiveCfg = Release|Any CPU
		{EDD68525-0904-4104-9FD9-A031DB240AB3}.Release|Any CPU.Build.0 = Release|Any CPU
		{6C0C3C32-3B54-4B0D-9944-D26B6BD1A306}.Debug|Any CPU.ActiveCfg = Debug|Any CPU
		{6C0C3C32-3B54-4B0D-9944-D26B6BD1A306}.Debug|Any CPU.Build.0 = Debug|Any CPU
		{6C0C3C32-3B54-4B0D-9944-D26B6BD1A306}.Release|Any CPU.ActiveCfg = Release|Any CPU
		{6C0C3C32-3B54-4B0D-9944-D26B6BD1A306}.Release|Any CPU.Build.0 = Release|Any CPU
		{9B619BF2-4515-4994-BC3A-C5001B471332}.Debug|Any CPU.ActiveCfg = Debug|Any CPU
		{9B619BF2-4515-4994-BC3A-C5001B471332}.Debug|Any CPU.Build.0 = Debug|Any CPU
		{9B619BF2-4515-4994-BC3A-C5001B471332}.Release|Any CPU.ActiveCfg = Release|Any CPU
		{9B619BF2-4515-4994-BC3A-C5001B471332}.Release|Any CPU.Build.0 = Release|Any CPU
	EndGlobalSection
EndGlobal
